
Microsoft Visual Studio Solution File, Format Version 12.00
# Visual Studio 15
VisualStudioVersion = 15.0.27428.2015
MinimumVisualStudioVersion = 10.0.40219.1
Project("{9A19103F-16F7-4668-BE54-9A1E7A4F7556}") = "BannerflowTestApp.Web", "BannerflowTestApp\BannerflowTestApp.Web.csproj", "{E9AF642A-7F99-401D-A414-95C0B27F7DDB}"
EndProject
Project("{9A19103F-16F7-4668-BE54-9A1E7A4F7556}") = "BannerflowTestApp.Data", "BannerflowTestApp.Data\BannerflowTestApp.Data.csproj", "{8A598CE0-DB84-4298-B51C-84EC29FC499F}"
EndProject
Project("{FAE04EC0-301F-11D3-BF4B-00C04F79EFBC}") = "BannerflowTestApp.Tests", "BannerflowTestApp.Tests\BannerflowTestApp.Tests.csproj", "{B85CCC4C-0FF8-48FF-851D-4A83ED046DC7}"
EndProject
Global
	GlobalSection(SolutionConfigurationPlatforms) = preSolution
		Debug|Any CPU = Debug|Any CPU
		Release|Any CPU = Release|Any CPU
	EndGlobalSection
	GlobalSection(ProjectConfigurationPlatforms) = postSolution
		{E9AF642A-7F99-401D-A414-95C0B27F7DDB}.Debug|Any CPU.ActiveCfg = Debug|Any CPU
		{E9AF642A-7F99-401D-A414-95C0B27F7DDB}.Debug|Any CPU.Build.0 = Debug|Any CPU
		{E9AF642A-7F99-401D-A414-95C0B27F7DDB}.Release|Any CPU.ActiveCfg = Release|Any CPU
		{E9AF642A-7F99-401D-A414-95C0B27F7DDB}.Release|Any CPU.Build.0 = Release|Any CPU
		{8A598CE0-DB84-4298-B51C-84EC29FC499F}.Debug|Any CPU.ActiveCfg = Debug|Any CPU
		{8A598CE0-DB84-4298-B51C-84EC29FC499F}.Debug|Any CPU.Build.0 = Debug|Any CPU
		{8A598CE0-DB84-4298-B51C-84EC29FC499F}.Release|Any CPU.ActiveCfg = Release|Any CPU
		{8A598CE0-DB84-4298-B51C-84EC29FC499F}.Release|Any CPU.Build.0 = Release|Any CPU
		{B85CCC4C-0FF8-48FF-851D-4A83ED046DC7}.Debug|Any CPU.ActiveCfg = Debug|Any CPU
		{B85CCC4C-0FF8-48FF-851D-4A83ED046DC7}.Debug|Any CPU.Build.0 = Debug|Any CPU
		{B85CCC4C-0FF8-48FF-851D-4A83ED046DC7}.Release|Any CPU.ActiveCfg = Release|Any CPU
		{B85CCC4C-0FF8-48FF-851D-4A83ED046DC7}.Release|Any CPU.Build.0 = Release|Any CPU
	EndGlobalSection
	GlobalSection(SolutionProperties) = preSolution
		HideSolutionNode = FALSE
	EndGlobalSection
	GlobalSection(ExtensibilityGlobals) = postSolution
		SolutionGuid = {682DBC57-4B26-4F6B-9423-7E0E25F83C6E}
	EndGlobalSection
EndGlobal
